
Microsoft Visual Studio Solution File, Format Version 12.00
# Visual Studio Express 2012 for Web
Project("{E24C65DC-7377-472B-9ABA-BC803B73C61A}") = "PDA", ".", "{D7DA8FB2-CAFD-4995-8043-28D0695669AE}"
	ProjectSection(WebsiteProperties) = preProject
		TargetFrameworkMoniker = ".NETFramework,Version%3Dv4.0"
		Debug.AspNetCompiler.VirtualPath = "/PDA"
		Debug.AspNetCompiler.PhysicalPath = "..\..\..\..\..\..\ASP.NET\PDA\"
		Debug.AspNetCompiler.TargetPath = "PrecompiledWeb\PDA\"
		Debug.AspNetCompiler.Updateable = "true"
		Debug.AspNetCompiler.ForceOverwrite = "true"
		Debug.AspNetCompiler.FixedNames = "false"
		Debug.AspNetCompiler.Debug = "True"
		Release.AspNetCompiler.VirtualPath = "/PDA"
		Release.AspNetCompiler.PhysicalPath = "..\..\..\..\..\..\ASP.NET\PDA\"
		Release.AspNetCompiler.TargetPath = "PrecompiledWeb\PDA\"
		Release.AspNetCompiler.Updateable = "true"
		Release.AspNetCompiler.ForceOverwrite = "true"
		Release.AspNetCompiler.FixedNames = "false"
		Release.AspNetCompiler.Debug = "False"
		VWDPort = "58366"
	EndProjectSection
EndProject
Global
	GlobalSection(SolutionConfigurationPlatforms) = preSolution
		Debug|Any CPU = Debug|Any CPU
	EndGlobalSection
	GlobalSection(ProjectConfigurationPlatforms) = postSolution
		{D7DA8FB2-CAFD-4995-8043-28D0695669AE}.Debug|Any CPU.ActiveCfg = Debug|Any CPU
		{D7DA8FB2-CAFD-4995-8043-28D0695669AE}.Debug|Any CPU.Build.0 = Debug|Any CPU
	EndGlobalSection
	GlobalSection(SolutionProperties) = preSolution
		HideSolutionNode = FALSE
	EndGlobalSection
EndGlobal
